
Microsoft Visual Studio Solution File, Format Version 12.00
# Visual Studio for Mac
Project("{FAE04EC0-301F-11D3-BF4B-00C04F79EFBC}") = "BARLETT", "BARLETT.csproj", "{168B6747-107D-0F6D-AE41-696CA3C7AC5F}"
EndProject
Global
	GlobalSection(SolutionConfigurationPlatforms) = preSolution
		Debug|Any CPU = Debug|Any CPU
		Release|Any CPU = Release|Any CPU
	EndGlobalSection
	GlobalSection(ProjectConfigurationPlatforms) = postSolution
		{168B6747-107D-0F6D-AE41-696CA3C7AC5F}.Debug|Any CPU.ActiveCfg = Debug|Any CPU
		{168B6747-107D-0F6D-AE41-696CA3C7AC5F}.Debug|Any CPU.Build.0 = Debug|Any CPU
		{168B6747-107D-0F6D-AE41-696CA3C7AC5F}.Release|Any CPU.ActiveCfg = Release|Any CPU
		{168B6747-107D-0F6D-AE41-696CA3C7AC5F}.Release|Any CPU.Build.0 = Release|Any CPU
	EndGlobalSection
	GlobalSection(SolutionProperties) = preSolution
		HideSolutionNode = FALSE
	EndGlobalSection
EndGlobal
